PODS:
  - Flutter (1.0.0)
  - integration_test (0.0.1):
    - Flutter
  - rufoof_plugin (0.0.1):
    - Flutter

DEPENDENCIES:
  - Flutter (from `Flutter`)
  - integration_test (from `.symlinks/plugins/integration_test/ios`)
  - rufoof_plugin (from `.symlinks/plugins/rufoof_plugin/ios`)

EXTERNAL SOURCES:
  Flutter:
    :path: Flutter
  integration_test:
    :path: ".symlinks/plugins/integration_test/ios"
  rufoof_plugin:
    :path: ".symlinks/plugins/rufoof_plugin/ios"

SPEC CHECKSUMS:
  Flutter: e0871f40cf51350855a761d2e70bf5af5b9b5de7
  integration_test: 13825b8a9334a850581300559b8839134b124670
  rufoof_plugin: 56076f3e9764317352e85b2c4d7ea6b398e54a4a

PODFILE CHECKSUM: 819463e6a0290f5a72f145ba7cde16e8b6ef0796

COCOAPODS: 1.15.2
