PODS:
  - Flutter (1.0.0)
  - integration_test (0.0.1):
    - Flutter
  - yaqut_reader_plugin (1.1.0):
    - Flutter

DEPENDENCIES:
  - Flutter (from `Flutter`)
  - integration_test (from `.symlinks/plugins/integration_test/ios`)
  - yaqut_reader_plugin (from `.symlinks/plugins/yaqut_reader_plugin/ios`)

EXTERNAL SOURCES:
  Flutter:
    :path: Flutter
  integration_test:
    :path: ".symlinks/plugins/integration_test/ios"
  yaqut_reader_plugin:
    :path: ".symlinks/plugins/yaqut_reader_plugin/ios"

SPEC CHECKSUMS:
  Flutter: e0871f40cf51350855a761d2e70bf5af5b9b5de7
  integration_test: 252f60fa39af5e17c3aa9899d35d908a0721b573
  yaqut_reader_plugin: b98442db2940f170f666561d4ae0a1325b2b8323

PODFILE CHECKSUM: 7be2f5f74864d463a8ad433546ed1de7e0f29aef

COCOAPODS: 1.16.2
